{
  "originHash" : "8c29ec998cc38abaed3b2d0af7fd3eb51402828751e4c2fd990f7b2772bc184a",
  "pins" : [
    {
      "identity" : "swift-numerics",
      "kind" : "remoteSourceControl",
      "location" : "https://github.com/apple/swift-numerics",
      "state" : {
        "branch" : "main",
        "revision" : "0111e791a16a08f577078e2e39b5f68918bf29b0"
      }
    },
    {
      "identity" : "swift-syntax",
      "kind" : "remoteSourceControl",
      "location" : "https://github.com/apple/swift-syntax.git",
      "state" : {
        "revision" : "3301d3362555b679097e82f93be0b524c5083e65",
        "version" : "600.0.0-prerelease-2024-05-02"
      }
    },
    {
      "identity" : "swift-testing",
      "kind" : "remoteSourceControl",
      "location" : "https://github.com/apple/swift-testing",
      "state" : {
        "revision" : "462243a4ce3c682960bef581a84ae63d1b48f5b6",
        "version" : "0.8.0"
      }
    }
  ],
  "version" : 3
}
